<?xml version="1.0" encoding="utf-8"?>
<Project ToolsVersion="4.0" xmlns="http://schemas.microsoft.com/developer/msbuild/2003">
  <ItemGroup>
    <Filter Include="Source Files">
      <UniqueIdentifier>{4FC737F1-C7A5-4376-A066-2A32D752A2FF}</UniqueIdentifier>
      <Extensions>cpp;c;cc;cxx;def;odl;idl;hpj;bat;asm;asmx</Extensions>
    </Filter>
    <Filter Include="Header Files">
      <UniqueIdentifier>{93995380-89BD-4b04-88EB-625FBE52EBFB}</UniqueIdentifier>
      <Extensions>h;hh;hpp;hxx;hm;inl;inc;xsd</Extensions>
    </Filter>
    <Filter Include="Resource Files">
      <UniqueIdentifier>{67DA6AB6-F800-4c08-8B7A-83BB121AAD01}</UniqueIdentifier>
      <Extensions>rc;ico;cur;bmp;dlg;rc2;rct;bin;rgs;gif;jpg;jpeg;jpe;resx;tiff;tif;png;wav;mfcribbon-ms</Extensions>
    </Filter>
    <Filter Include="Header Files\Physics">
      <UniqueIdentifier>{6c771203-9eb6-4b39-8b95-6cedf891cd72}</UniqueIdentifier>
    </Filter>
    <Filter Include="Source Files\Physics">
      <UniqueIdentifier>{d2cc714f-e36f-4f98-bf05-bc8d17cb2349}</UniqueIdentifier>
    </Filter>
    <Filter Include="Header Files\GameObject">
      <UniqueIdentifier>{403e3c20-75b5-4be1-958a-7d883ac2d01a}</UniqueIdentifier>
    </Filter>
    <Filter Include="Source Files\GameObject">
      <UniqueIdentifier>{3b6e529e-97fb-4724-8c29-665336f33ade}</UniqueIdentifier>
    </Filter>
    <Filter Include="Source Files\GameObject\Components">
      <UniqueIdentifier>{8a1a234f-6431-42af-941c-042876951977}</UniqueIdentifier>
    </Filter>
    <Filter Include="Header Files\Engine">
      <UniqueIdentifier>{95186cc3-86aa-4dd8-9596-e4766c4144f9}</UniqueIdentifier>
    </Filter>
    <Filter Include="Header Files\Engine\Handler">
      <UniqueIdentifier>{f7ab8cba-959c-4fce-af94-59f82e894bcd}</UniqueIdentifier>
    </Filter>
    <Filter Include="Header Files\Engine\System">
      <UniqueIdentifier>{11a948d2-71dc-4054-a291-49878e2098c3}</UniqueIdentifier>
    </Filter>
    <Filter Include="Header Files\Engine\System\Controller">
      <UniqueIdentifier>{3916b8ed-5f83-45e1-b5d1-0dc3060a95ed}</UniqueIdentifier>
    </Filter>
    <Filter Include="Source Files\Engine">
      <UniqueIdentifier>{b425dff6-28fd-4c45-9893-e4f27681348a}</UniqueIdentifier>
    </Filter>
    <Filter Include="Source Files\Engine\Component">
      <UniqueIdentifier>{536f81b5-392d-40ce-b5dd-31b109d1fa46}</UniqueIdentifier>
    </Filter>
    <Filter Include="Source Files\Engine\System">
      <UniqueIdentifier>{bc1d7956-1575-4406-9166-851fef073223}</UniqueIdentifier>
    </Filter>
    <Filter Include="Source Files\Engine\System\Contoller">
      <UniqueIdentifier>{ba2f99ec-ffac-476a-8b32-58397d9967e1}</UniqueIdentifier>
    </Filter>
    <Filter Include="Header Files\Engine\Messages">
      <UniqueIdentifier>{bbe272f5-f5e9-49cb-865f-ea538f4e2364}</UniqueIdentifier>
    </Filter>
    <Filter Include="Source Files\Res">
      <UniqueIdentifier>{ce8bed7f-fbd4-4790-be36-432b52cbc09b}</UniqueIdentifier>
    </Filter>
    <Filter Include="Header Files\Res">
      <UniqueIdentifier>{f7c2da59-7224-4db1-910f-bc9c63f569d5}</UniqueIdentifier>
    </Filter>
    <Filter Include="Source Files\Object">
      <UniqueIdentifier>{5ea9b166-c1e0-4a74-a3d4-3b64e722b358}</UniqueIdentifier>
    </Filter>
    <Filter Include="Header Files\Engine\Entity">
      <UniqueIdentifier>{f6fca48d-8f32-4492-9cfb-8f9355cbea80}</UniqueIdentifier>
    </Filter>
    <Filter Include="Header Files\Engine\Entity\Components">
      <UniqueIdentifier>{79c29cea-29c2-449e-8918-c86b9b521a8d}</UniqueIdentifier>
    </Filter>
    <Filter Include="Source Files\Engine\Messages">
      <UniqueIdentifier>{7c8212ae-f7a8-4fd2-9334-0c97dfa7ca46}</UniqueIdentifier>
    </Filter>
    <Filter Include="Header Files\Engine\Scenes">
      <UniqueIdentifier>{23d5f0be-204a-4da5-a29e-9d5da9604d69}</UniqueIdentifier>
    </Filter>
    <Filter Include="Source Files\Engine\Scene">
      <UniqueIdentifier>{71751e42-9dda-402e-bab0-ab10cc2aad10}</UniqueIdentifier>
    </Filter>
    <Filter Include="Source Files\Engine\Entity">
      <UniqueIdentifier>{806abcfe-31aa-4127-8017-965a105787ea}</UniqueIdentifier>
    </Filter>
  </ItemGroup>
  <ItemGroup>
    <None Include="Source\Resources\shader\basic.frag">
      <Filter>Resource Files</Filter>
    </None>
    <None Include="Source\Resources\shader\basic.vert">
      <Filter>Resource Files</Filter>
    </None>
    <None Include="Source\Resources\shader\colour.frag">
      <Filter>Resource Files</Filter>
    </None>
    <None Include="Source\Resources\shader\colour.vert">
      <Filter>Resource Files</Filter>
    </None>
    <None Include="Source\Resources\shader\phong.frag">
      <Filter>Resource Files</Filter>
    </None>
    <None Include="Source\Resources\shader\phong.vert">
      <Filter>Resource Files</Filter>
    </None>
    <None Include="Source\Resources\shader\text.frag">
      <Filter>Resource Files</Filter>
    </None>
    <None Include="Source\Resources\shader\text.vert">
      <Filter>Resource Files</Filter>
    </None>
    <None Include="Source\Resources\shader\singlePhong.frag">
      <Filter>Resource Files</Filter>
    </None>
  </ItemGroup>
  <ItemGroup>
    <ClInclude Include="Source\Include\Bitmap.h">
      <Filter>Header Files</Filter>
    </ClInclude>
    <ClInclude Include="Source\Include\Button.h">
      <Filter>Header Files</Filter>
    </ClInclude>
    <ClInclude Include="Source\Include\Drawable.h">
      <Filter>Header Files</Filter>
    </ClInclude>
    <ClInclude Include="Source\Include\ft2build.h">
      <Filter>Header Files</Filter>
    </ClInclude>
    <ClInclude Include="Source\Include\gl_core_4_3.hpp">
      <Filter>Header Files</Filter>
    </ClInclude>
    <ClInclude Include="Source\Include\GLSLProgram.h">
      <Filter>Header Files</Filter>
    </ClInclude>
    <ClInclude Include="Source\Include\Graphics.h">
      <Filter>Header Files</Filter>
    </ClInclude>
    <ClInclude Include="Source\Include\ID.h">
      <Filter>Header Files</Filter>
    </ClInclude>
    <ClInclude Include="Source\Include\InputHandler.h">
      <Filter>Header Files</Filter>
    </ClInclude>
    <ClInclude Include="Source\Include\Light.h">
      <Filter>Header Files</Filter>
    </ClInclude>
    <ClInclude Include="Source\Include\Material.h">
      <Filter>Header Files</Filter>
    </ClInclude>
    <ClInclude Include="Source\Include\Mesh.h">
      <Filter>Header Files</Filter>
    </ClInclude>
    <ClInclude Include="Source\Include\MyRobot.h">
      <Filter>Header Files</Filter>
    </ClInclude>
    <ClInclude Include="Source\Include\MyTimer.h">
      <Filter>Header Files</Filter>
    </ClInclude>
    <ClInclude Include="Source\Include\PlayerInput.h">
      <Filter>Header Files</Filter>
    </ClInclude>
    <ClInclude Include="Source\Include\QuatCamera.h">
      <Filter>Header Files</Filter>
    </ClInclude>
    <ClInclude Include="Source\Include\stb_image.h">
      <Filter>Header Files</Filter>
    </ClInclude>
    <ClInclude Include="Source\Include\stdafx.h">
      <Filter>Header Files</Filter>
    </ClInclude>
    <ClInclude Include="Source\Include\Text.h">
      <Filter>Header Files</Filter>
    </ClInclude>
    <ClInclude Include="Source\Include\Texture.h">
      <Filter>Header Files</Filter>
    </ClInclude>
    <ClInclude Include="Source\Include\tinyxml2.h">
      <Filter>Header Files</Filter>
    </ClInclude>
    <ClInclude Include="Source\Include\GameObject.h">
      <Filter>Header Files\GameObject</Filter>
    </ClInclude>
    <ClInclude Include="Source\Include\ObjectComponent.h">
      <Filter>Header Files\GameObject</Filter>
    </ClInclude>
    <ClInclude Include="Source\Include\Movable.h">
      <Filter>Header Files\Engine\Entity\Components</Filter>
    </ClInclude>
    <ClInclude Include="Source\Include\OBB.h">
      <Filter>Header Files\Physics</Filter>
    </ClInclude>
    <ClInclude Include="Source\Include\AABB.h">
      <Filter>Header Files\Physics</Filter>
    </ClInclude>
    <ClInclude Include="Source\Include\Physical.h">
      <Filter>Header Files\Physics</Filter>
    </ClInclude>
    <ClInclude Include="Source\Include\Sphere.h">
      <Filter>Header Files\Physics</Filter>
    </ClInclude>
    <ClInclude Include="Source\Include\Capsule.h">
      <Filter>Header Files\Physics</Filter>
    </ClInclude>
    <ClInclude Include="Source\Include\UI.h">
      <Filter>Header Files</Filter>
    </ClInclude>
    <ClInclude Include="Source\Include\Component.h">
      <Filter>Header Files\Engine\Entity\Components</Filter>
    </ClInclude>
    <ClInclude Include="Source\Include\System.h">
      <Filter>Header Files\Engine\System</Filter>
    </ClInclude>
    <ClInclude Include="Source\Include\Message.h">
      <Filter>Header Files\Engine\Messages</Filter>
    </ClInclude>
    <ClInclude Include="Source\Include\MessageHandler.h">
      <Filter>Header Files\Engine\Messages</Filter>
    </ClInclude>
    <ClInclude Include="Source\Include\MessageReceiver.h">
      <Filter>Header Files\Engine\Messages</Filter>
    </ClInclude>
    <ClInclude Include="Source\Include\CameraMessages.h">
      <Filter>Header Files\Engine\Messages</Filter>
    </ClInclude>
    <ClInclude Include="Source\Include\Camera.h">
      <Filter>Header Files\Engine\Entity\Components</Filter>
    </ClInclude>
    <ClInclude Include="Source\Include\Engine.h">
      <Filter>Header Files\Engine</Filter>
    </ClInclude>
    <ClInclude Include="Source\Include\Entity.h">
      <Filter>Header Files\Engine\Entity</Filter>
    </ClInclude>
    <ClInclude Include="Source\Include\EntityManager.h">
      <Filter>Header Files\Engine\Entity</Filter>
    </ClInclude>
    <ClInclude Include="Source\Include\EngineMessages.h">
      <Filter>Header Files\Engine\Messages</Filter>
    </ClInclude>
    <ClInclude Include="Source\Include\InputMessages.h">
      <Filter>Header Files\Engine\Messages</Filter>
    </ClInclude>
    <ClInclude Include="Source\Include\CameraSystem.h">
      <Filter>Header Files\Engine\System</Filter>
    </ClInclude>
    <ClInclude Include="Source\Include\PlayerController.h">
      <Filter>Header Files\Engine\System\Controller</Filter>
    </ClInclude>
    <ClInclude Include="Source\Include\Player.h">
      <Filter>Header Files\Engine\Entity\Components</Filter>
    </ClInclude>
    <ClInclude Include="Source\Include\ResourceManager.h">
      <Filter>Header Files\Engine\Handler</Filter>
    </ClInclude>
    <ClInclude Include="Source\Include\SceneMessages.h">
      <Filter>Header Files\Engine\Messages</Filter>
    </ClInclude>
    <ClInclude Include="Source\Include\Render.h">
      <Filter>Header Files\Engine\System</Filter>
    </ClInclude>
    <ClInclude Include="Source\Include\RenderMessages.h">
      <Filter>Header Files\Engine\Messages</Filter>
    </ClInclude>
    <ClInclude Include="Source\Include\TestScene.h">
      <Filter>Header Files\Engine\Scenes</Filter>
    </ClInclude>
    <ClInclude Include="Source\Include\Scene.h">
      <Filter>Header Files\Engine\Scenes</Filter>
    </ClInclude>
    <ClInclude Include="Source\Include\SplashScene.h">
      <Filter>Header Files\Engine\Scenes</Filter>
    </ClInclude>
    <ClInclude Include="Source\Include\SceneLoader.h">
      <Filter>Header Files\Engine\Scenes</Filter>
    </ClInclude>
    <ClInclude Include="Source\Include\SceneComponent.h">
      <Filter>Header Files\Engine\Scenes</Filter>
    </ClInclude>
    <ClInclude Include="Source\Include\GameScene.h">
      <Filter>Header Files\Engine\Scenes</Filter>
    </ClInclude>
    <ClInclude Include="Source\Include\EntityFactory.h">
      <Filter>Header Files\Engine\Entity</Filter>
    </ClInclude>
    <ClInclude Include="Source\Include\TransformableOLD.h">
      <Filter>Header Files\Physics</Filter>
    </ClInclude>
    <ClInclude Include="Source\Include\Transformable.h">
      <Filter>Header Files\Engine\Entity\Components</Filter>
    </ClInclude>
    <ClInclude Include="Source\Include\ModelOLD.h">
      <Filter>Header Files</Filter>
    </ClInclude>
    <ClInclude Include="Source\Include\Model.h">
      <Filter>Header Files\Engine\Entity\Components</Filter>
    </ClInclude>
    <ClInclude Include="Source\Include\Physics.h">
      <Filter>Header Files\Engine\System</Filter>
    </ClInclude>
  </ItemGroup>
  <ItemGroup>
    <ClCompile Include="Source\Common\GameScene.cpp">
      <Filter>Source Files</Filter>
    </ClCompile>
    <ClCompile Include="Source\Common\gl_core_4_3.cpp">
      <Filter>Source Files</Filter>
    </ClCompile>
    <ClCompile Include="Source\Common\GLSLProgram.cpp">
      <Filter>Source Files</Filter>
    </ClCompile>
    <ClCompile Include="Source\Common\Graphics.cpp">
      <Filter>Source Files</Filter>
    </ClCompile>
    <ClCompile Include="Source\Common\ID.cpp">
      <Filter>Source Files</Filter>
    </ClCompile>
    <ClCompile Include="Source\Common\InputHandler.cpp">
      <Filter>Source Files</Filter>
    </ClCompile>
    <ClCompile Include="Source\Common\Light.cpp">
      <Filter>Source Files</Filter>
    </ClCompile>
    <ClCompile Include="Source\Common\Material.cpp">
      <Filter>Source Files</Filter>
    </ClCompile>
    <ClCompile Include="Source\Common\MyRobot.cpp">
      <Filter>Source Files</Filter>
    </ClCompile>
    <ClCompile Include="Source\Common\MyTimer.cpp">
      <Filter>Source Files</Filter>
    </ClCompile>
    <ClCompile Include="Source\Common\PlayerInput.cpp">
      <Filter>Source Files</Filter>
    </ClCompile>
    <ClCompile Include="Source\Common\QuatCamera.cpp">
      <Filter>Source Files</Filter>
    </ClCompile>
    <ClCompile Include="Source\Common\ResourceManager.cpp">
      <Filter>Source Files</Filter>
    </ClCompile>
    <ClCompile Include="Source\Common\SceneComponent.cpp">
      <Filter>Source Files</Filter>
    </ClCompile>
    <ClCompile Include="Source\Common\stdafx.cpp">
      <Filter>Source Files</Filter>
    </ClCompile>
    <ClCompile Include="Source\Common\tinyxml2.cpp">
      <Filter>Source Files</Filter>
    </ClCompile>
    <ClCompile Include="Source\Common\GameObject.cpp">
      <Filter>Source Files\GameObject</Filter>
    </ClCompile>
    <ClCompile Include="Source\Common\ObjectComponent.cpp">
      <Filter>Source Files\GameObject</Filter>
    </ClCompile>
    <ClCompile Include="Source\Common\Movable.cpp">
      <Filter>Source Files\GameObject\Components</Filter>
    </ClCompile>
    <ClCompile Include="Source\Common\OBB.cpp">
      <Filter>Source Files\Physics</Filter>
    </ClCompile>
    <ClCompile Include="Source\Common\AABB.cpp">
      <Filter>Source Files\Physics</Filter>
    </ClCompile>
    <ClCompile Include="Source\Common\Physical.cpp">
      <Filter>Source Files\Physics</Filter>
    </ClCompile>
    <ClCompile Include="Source\Common\Transformable.cpp">
      <Filter>Source Files\Physics</Filter>
    </ClCompile>
    <ClCompile Include="Source\Common\Sphere.cpp">
      <Filter>Source Files\Physics</Filter>
    </ClCompile>
    <ClCompile Include="Source\Common\Capsule.cpp">
      <Filter>Source Files\Physics</Filter>
    </ClCompile>
    <ClCompile Include="Source\Common\UI.cpp">
      <Filter>Source Files</Filter>
    </ClCompile>
    <ClCompile Include="Source\Common\Engine.cpp">
      <Filter>Source Files\Engine</Filter>
    </ClCompile>
    <ClCompile Include="Source\Common\Mesh.cpp">
      <Filter>Source Files\Res</Filter>
    </ClCompile>
    <ClCompile Include="Source\Common\Texture.cpp">
      <Filter>Source Files\Res</Filter>
    </ClCompile>
    <ClCompile Include="Source\Common\Text.cpp">
      <Filter>Source Files\Object</Filter>
    </ClCompile>
    <ClCompile Include="Source\Common\Bitmap.cpp">
      <Filter>Source Files\Res</Filter>
    </ClCompile>
    <ClCompile Include="Source\Common\Button.cpp">
      <Filter>Source Files</Filter>
    </ClCompile>
    <ClCompile Include="Source\Common\main.cpp">
      <Filter>Source Files\Engine</Filter>
    </ClCompile>
    <ClCompile Include="Source\Common\MessageHandler.cpp">
      <Filter>Source Files\Engine\System</Filter>
    </ClCompile>
    <ClCompile Include="Source\Common\CameraSystem.cpp">
      <Filter>Source Files\Engine\System</Filter>
    </ClCompile>
    <ClCompile Include="Source\Common\Render.cpp">
      <Filter>Source Files\Engine\System</Filter>
    </ClCompile>
    <ClCompile Include="Source\Common\SplashScene.cpp">
      <Filter>Source Files\Engine\Scene</Filter>
    </ClCompile>
    <ClCompile Include="Source\Common\SceneLoader.cpp">
      <Filter>Source Files\Engine\Scene</Filter>
    </ClCompile>
    <ClCompile Include="Source\Common\Scene.cpp">
      <Filter>Source Files\Engine\Scene</Filter>
    </ClCompile>
    <ClCompile Include="Source\Common\TestScene.cpp">
      <Filter>Source Files</Filter>
    </ClCompile>
    <ClCompile Include="Source\Common\EntityFactory.cpp">
      <Filter>Source Files\Engine\Entity</Filter>
    </ClCompile>
    <ClCompile Include="Source\Include\PlayerController.cpp">
      <Filter>Source Files\Engine\System\Contoller</Filter>
    </ClCompile>
    <ClCompile Include="Source\Common\ModelOLD.cpp">
      <Filter>Source Files</Filter>
    </ClCompile>
    <ClCompile Include="Source\Common\Physics.cpp">
      <Filter>Source Files\Engine\System</Filter>
    </ClCompile>
  </ItemGroup>
</Project>